// !$*UTF8*$!
{
	archiveVersion = 1;
	classes = {
	};
	objectVersion = 55;
	objects = {

/* Begin PBXBuildFile section */
		16A12D3B626B7E1ECD4A4899 /* Pods_ConsumindoFinancasAPITests.framework in Frameworks */ = {isa = PBXBuildFile; fileRef = C4961389E7681F508E6A70C6 /* Pods_ConsumindoFinancasAPITests.framework */; };
		2AD66437E5980E9FFE26EDC0 /* Pods_ConsumindoFinancasAPI.framework in Frameworks */ = {isa = PBXBuildFile; fileRef = 0FBF2C939BE4672D9B4971CF /* Pods_ConsumindoFinancasAPI.framework */; };
		6526D2BF28638F450044DFD7 /* NSUIColor+Hex.swift in Sources */ = {isa = PBXBuildFile; fileRef = 6526D2BE28638F450044DFD7 /* NSUIColor+Hex.swift */; };
		65426ADD2842713D006B87E4 /* AppDelegate.swift in Sources */ = {isa = PBXBuildFile; fileRef = 65426ADC2842713D006B87E4 /* AppDelegate.swift */; };
		65426ADF2842713D006B87E4 /* SceneDelegate.swift in Sources */ = {isa = PBXBuildFile; fileRef = 65426ADE2842713D006B87E4 /* SceneDelegate.swift */; };
		65426AE12842713D006B87E4 /* HomeViewControllerViewController.swift in Sources */ = {isa = PBXBuildFile; fileRef = 65426AE02842713D006B87E4 /* HomeViewControllerViewController.swift */; };
		65426AE42842713D006B87E4 /* Main.storyboard in Resources */ = {isa = PBXBuildFile; fileRef = 65426AE22842713D006B87E4 /* Main.storyboard */; };
		65426AE72842713D006B87E4 /* ConsumindoFinancasAPI.xcdatamodeld in Sources */ = {isa = PBXBuildFile; fileRef = 65426AE52842713D006B87E4 /* ConsumindoFinancasAPI.xcdatamodeld */; };
		65426AE92842713F006B87E4 /* Assets.xcassets in Resources */ = {isa = PBXBuildFile; fileRef = 65426AE82842713F006B87E4 /* Assets.xcassets */; };
		65426AEC2842713F006B87E4 /* LaunchScreen.storyboard in Resources */ = {isa = PBXBuildFile; fileRef = 65426AEA2842713F006B87E4 /* LaunchScreen.storyboard */; };
		65426AF72842713F006B87E4 /* ConsumindoFinancasAPITests.swift in Sources */ = {isa = PBXBuildFile; fileRef = 65426AF62842713F006B87E4 /* ConsumindoFinancasAPITests.swift */; };
		65426B012842713F006B87E4 /* ConsumindoFinancasAPIUITests.swift in Sources */ = {isa = PBXBuildFile; fileRef = 65426B002842713F006B87E4 /* ConsumindoFinancasAPIUITests.swift */; };
		65426B032842713F006B87E4 /* ConsumindoFinancasAPIUITestsLaunchTests.swift in Sources */ = {isa = PBXBuildFile; fileRef = 65426B022842713F006B87E4 /* ConsumindoFinancasAPIUITestsLaunchTests.swift */; };
		65479CDA284A84C900E9CF13 /* GastosFixosViewController.swift in Sources */ = {isa = PBXBuildFile; fileRef = 65479CD8284A84C900E9CF13 /* GastosFixosViewController.swift */; };
		65479CDB284A84C900E9CF13 /* GastosFixosViewController.xib in Resources */ = {isa = PBXBuildFile; fileRef = 65479CD9284A84C900E9CF13 /* GastosFixosViewController.xib */; };
		656B2731284AA86A00183912 /* GastosFixosHeader.xib in Resources */ = {isa = PBXBuildFile; fileRef = 656B2730284AA86A00183912 /* GastosFixosHeader.xib */; };
		656B2733284AA88700183912 /* GastosFixosHeader.swift in Sources */ = {isa = PBXBuildFile; fileRef = 656B2732284AA88700183912 /* GastosFixosHeader.swift */; };
		656B2735284E249400183912 /* GastosFixosViewModel.swift in Sources */ = {isa = PBXBuildFile; fileRef = 656B2734284E249400183912 /* GastosFixosViewModel.swift */; };
		656B2739284E323E00183912 /* GastosFixos.swift in Sources */ = {isa = PBXBuildFile; fileRef = 656B2738284E323E00183912 /* GastosFixos.swift */; };
		656DF56828A3F5370056F94B /* GastosFixosDao.swift in Sources */ = {isa = PBXBuildFile; fileRef = 656DF56728A3F5370056F94B /* GastosFixosDao.swift */; };
		656DF56E28A44FCC0056F94B /* InvestimentosTableViewCell.swift in Sources */ = {isa = PBXBuildFile; fileRef = 656DF56C28A44FCC0056F94B /* InvestimentosTableViewCell.swift */; };
		656DF56F28A44FCC0056F94B /* InvestimentosTableViewCell.xib in Resources */ = {isa = PBXBuildFile; fileRef = 656DF56D28A44FCC0056F94B /* InvestimentosTableViewCell.xib */; };
		656DF57928A5434C0056F94B /* Validator.swift in Sources */ = {isa = PBXBuildFile; fileRef = 656DF57828A5434C0056F94B /* Validator.swift */; };
		656DF57B28A54F8A0056F94B /* UIView+.swift in Sources */ = {isa = PBXBuildFile; fileRef = 656DF57A28A54F8A0056F94B /* UIView+.swift */; };
		656DF58328A5C1AE0056F94B /* LabelDefault.swift in Sources */ = {isa = PBXBuildFile; fileRef = 656DF58228A5C1AE0056F94B /* LabelDefault.swift */; };
		656DF58528A5C6300056F94B /* TextFieldDefault.swift in Sources */ = {isa = PBXBuildFile; fileRef = 656DF58428A5C6300056F94B /* TextFieldDefault.swift */; };
		656DF58728A5CAD70056F94B /* ButtonDefault.swift in Sources */ = {isa = PBXBuildFile; fileRef = 656DF58628A5CAD70056F94B /* ButtonDefault.swift */; };
		656DF58928A696BC0056F94B /* ViewControllerDefault.swift in Sources */ = {isa = PBXBuildFile; fileRef = 656DF58828A696BC0056F94B /* ViewControllerDefault.swift */; };
		656DF58C28A6B9A50056F94B /* Coordinator.swift in Sources */ = {isa = PBXBuildFile; fileRef = 656DF58B28A6B9A50056F94B /* Coordinator.swift */; };
		656DF58E28A6BBE90056F94B /* RegisterCoordinator.swift in Sources */ = {isa = PBXBuildFile; fileRef = 656DF58D28A6BBE90056F94B /* RegisterCoordinator.swift */; };
		656DF59128A6BDEF0056F94B /* LoginCoordinator.swift in Sources */ = {isa = PBXBuildFile; fileRef = 656DF59028A6BDEF0056F94B /* LoginCoordinator.swift */; };
		656DF59328A6C9560056F94B /* HomeCoordinator.swift in Sources */ = {isa = PBXBuildFile; fileRef = 656DF59228A6C9560056F94B /* HomeCoordinator.swift */; };
		656DF59C28A6F7610056F94B /* UIViewCodeDefault.swift in Sources */ = {isa = PBXBuildFile; fileRef = 656DF59B28A6F7600056F94B /* UIViewCodeDefault.swift */; };
		656DF5E028A7CD720056F94B /* RegisterViewController.swift in Sources */ = {isa = PBXBuildFile; fileRef = 656DF5DE28A7CD710056F94B /* RegisterViewController.swift */; };
		656DF5E128A7CD720056F94B /* RegisterViewController.xib in Resources */ = {isa = PBXBuildFile; fileRef = 656DF5DF28A7CD710056F94B /* RegisterViewController.xib */; };
		656DF5E428A7DB680056F94B /* LoginViewController.swift in Sources */ = {isa = PBXBuildFile; fileRef = 656DF5E228A7DB680056F94B /* LoginViewController.swift */; };
		656DF5E528A7DB680056F94B /* LoginViewController.xib in Resources */ = {isa = PBXBuildFile; fileRef = 656DF5E328A7DB680056F94B /* LoginViewController.xib */; };
		65A3258B2854FEF400A51086 /* GastosFixosTableViewCell.swift in Sources */ = {isa = PBXBuildFile; fileRef = 65A325892854FEF400A51086 /* GastosFixosTableViewCell.swift */; };
		65A3258C2854FEF500A51086 /* GastosFixosTableViewCell.xib in Resources */ = {isa = PBXBuildFile; fileRef = 65A3258A2854FEF400A51086 /* GastosFixosTableViewCell.xib */; };
		65A3258F2857934500A51086 /* Alerta.swift in Sources */ = {isa = PBXBuildFile; fileRef = 65A3258E2857934500A51086 /* Alerta.swift */; };
		65A4E7672847D3EB00B65279 /* DolarAPI.swift in Sources */ = {isa = PBXBuildFile; fileRef = 65A4E7662847D3EB00B65279 /* DolarAPI.swift */; };
		65A4E7692848048300B65279 /* HomeTableViewHeader.xib in Resources */ = {isa = PBXBuildFile; fileRef = 65A4E7682848048300B65279 /* HomeTableViewHeader.xib */; };
		65A4E76B284806B100B65279 /* HomeTableViewHeader.swift in Sources */ = {isa = PBXBuildFile; fileRef = 65A4E76A284806B100B65279 /* HomeTableViewHeader.swift */; };
		65A4E7702848EFE000B65279 /* HomeGastosFixosTableViewCell.swift in Sources */ = {isa = PBXBuildFile; fileRef = 65A4E76E2848EFE000B65279 /* HomeGastosFixosTableViewCell.swift */; };
		65A4E7712848EFE000B65279 /* HomeGastosFixosTableViewCell.xib in Resources */ = {isa = PBXBuildFile; fileRef = 65A4E76F2848EFE000B65279 /* HomeGastosFixosTableViewCell.xib */; };
		AB9768F257B2D526FEFC65CA /* Pods_ConsumindoFinancasAPI_ConsumindoFinancasAPIUITests.framework in Frameworks */ = {isa = PBXBuildFile; fileRef = 1A7665ABED2424C628A2B09A /* Pods_ConsumindoFinancasAPI_ConsumindoFinancasAPIUITests.framework */; };
/* End PBXBuildFile section */

/* Begin PBXContainerItemProxy section */
		65426AF32842713F006B87E4 /* PBXContainerItemProxy */ = {
			isa = PBXContainerItemProxy;
			containerPortal = 65426AD12842713D006B87E4 /* Project object */;
			proxyType = 1;
			remoteGlobalIDString = 65426AD82842713D006B87E4;
			remoteInfo = ConsumindoFinancasAPI;
		};
		65426AFD2842713F006B87E4 /* PBXContainerItemProxy */ = {
			isa = PBXContainerItemProxy;
			containerPortal = 65426AD12842713D006B87E4 /* Project object */;
			proxyType = 1;
			remoteGlobalIDString = 65426AD82842713D006B87E4;
			remoteInfo = ConsumindoFinancasAPI;
		};
/* End PBXContainerItemProxy section */

/* Begin PBXFileReference section */
		0E88EF20AE163757A183172D /* Pods-ConsumindoFinancasAPI.debug.xcconfig */ = {isa = PBXFileReference; includeInIndex = 1; lastKnownFileType = text.xcconfig; name = "Pods-ConsumindoFinancasAPI.debug.xcconfig"; path = "Target Support Files/Pods-ConsumindoFinancasAPI/Pods-ConsumindoFinancasAPI.debug.xcconfig"; sourceTree = "<group>"; };
		0FBF2C939BE4672D9B4971CF /* Pods_ConsumindoFinancasAPI.framework */ = {isa = PBXFileReference; explicitFileType = wrapper.framework; includeInIndex = 0; path = Pods_ConsumindoFinancasAPI.framework; sourceTree = BUILT_PRODUCTS_DIR; };
		1081A30E7DBE93FF058C17DE /* Pods-ConsumindoFinancasAPI-ConsumindoFinancasAPIUITests.debug.xcconfig */ = {isa = PBXFileReference; includeInIndex = 1; lastKnownFileType = text.xcconfig; name = "Pods-ConsumindoFinancasAPI-ConsumindoFinancasAPIUITests.debug.xcconfig"; path = "Target Support Files/Pods-ConsumindoFinancasAPI-ConsumindoFinancasAPIUITests/Pods-ConsumindoFinancasAPI-ConsumindoFinancasAPIUITests.debug.xcconfig"; sourceTree = "<group>"; };
		1A7665ABED2424C628A2B09A /* Pods_ConsumindoFinancasAPI_ConsumindoFinancasAPIUITests.framework */ = {isa = PBXFileReference; explicitFileType = wrapper.framework; includeInIndex = 0; path = Pods_ConsumindoFinancasAPI_ConsumindoFinancasAPIUITests.framework; sourceTree = BUILT_PRODUCTS_DIR; };
		1C549A1974608AF45294BCE0 /* Pods-ConsumindoFinancasAPITests.release.xcconfig */ = {isa = PBXFileReference; includeInIndex = 1; lastKnownFileType = text.xcconfig; name = "Pods-ConsumindoFinancasAPITests.release.xcconfig"; path = "Target Support Files/Pods-ConsumindoFinancasAPITests/Pods-ConsumindoFinancasAPITests.release.xcconfig"; sourceTree = "<group>"; };
		6526D2BE28638F450044DFD7 /* NSUIColor+Hex.swift */ = {isa = PBXFileReference; lastKnownFileType = sourcecode.swift; path = "NSUIColor+Hex.swift"; sourceTree = "<group>"; };
		65426AD92842713D006B87E4 /* ConsumindoFinancasAPI.app */ = {isa = PBXFileReference; explicitFileType = wrapper.application; includeInIndex = 0; path = ConsumindoFinancasAPI.app; sourceTree = BUILT_PRODUCTS_DIR; };
		65426ADC2842713D006B87E4 /* AppDelegate.swift */ = {isa = PBXFileReference; lastKnownFileType = sourcecode.swift; path = AppDelegate.swift; sourceTree = "<group>"; };
		65426ADE2842713D006B87E4 /* SceneDelegate.swift */ = {isa = PBXFileReference; lastKnownFileType = sourcecode.swift; path = SceneDelegate.swift; sourceTree = "<group>"; };
		65426AE02842713D006B87E4 /* HomeViewControllerViewController.swift */ = {isa = PBXFileReference; lastKnownFileType = sourcecode.swift; path = HomeViewControllerViewController.swift; sourceTree = "<group>"; };
		65426AE32842713D006B87E4 /* Base */ = {isa = PBXFileReference; lastKnownFileType = file.storyboard; name = Base; path = Base.lproj/Main.storyboard; sourceTree = "<group>"; };
		65426AE62842713D006B87E4 /* ConsumindoFinancasAPI.xcdatamodel */ = {isa = PBXFileReference; lastKnownFileType = wrapper.xcdatamodel; path = ConsumindoFinancasAPI.xcdatamodel; sourceTree = "<group>"; };
		65426AE82842713F006B87E4 /* Assets.xcassets */ = {isa = PBXFileReference; lastKnownFileType = folder.assetcatalog; path = Assets.xcassets; sourceTree = "<group>"; };
		65426AEB2842713F006B87E4 /* Base */ = {isa = PBXFileReference; lastKnownFileType = file.storyboard; name = Base; path = Base.lproj/LaunchScreen.storyboard; sourceTree = "<group>"; };
		65426AED2842713F006B87E4 /* Info.plist */ = {isa = PBXFileReference; lastKnownFileType = text.plist.xml; path = Info.plist; sourceTree = "<group>"; };
		65426AF22842713F006B87E4 /* ConsumindoFinancasAPITests.xctest */ = {isa = PBXFileReference; explicitFileType = wrapper.cfbundle; includeInIndex = 0; path = ConsumindoFinancasAPITests.xctest; sourceTree = BUILT_PRODUCTS_DIR; };
		65426AF62842713F006B87E4 /* ConsumindoFinancasAPITests.swift */ = {isa = PBXFileReference; lastKnownFileType = sourcecode.swift; path = ConsumindoFinancasAPITests.swift; sourceTree = "<group>"; };
		65426AFC2842713F006B87E4 /* ConsumindoFinancasAPIUITests.xctest */ = {isa = PBXFileReference; explicitFileType = wrapper.cfbundle; includeInIndex = 0; path = ConsumindoFinancasAPIUITests.xctest; sourceTree = BUILT_PRODUCTS_DIR; };
		65426B002842713F006B87E4 /* ConsumindoFinancasAPIUITests.swift */ = {isa = PBXFileReference; lastKnownFileType = sourcecode.swift; path = ConsumindoFinancasAPIUITests.swift; sourceTree = "<group>"; };
		65426B022842713F006B87E4 /* ConsumindoFinancasAPIUITestsLaunchTests.swift */ = {isa = PBXFileReference; lastKnownFileType = sourcecode.swift; path = ConsumindoFinancasAPIUITestsLaunchTests.swift; sourceTree = "<group>"; };
		65426B0F28427F7B006B87E4 /* MyPlayground.playground */ = {isa = PBXFileReference; lastKnownFileType = file.playground; path = MyPlayground.playground; sourceTree = "<group>"; xcLanguageSpecificationIdentifier = xcode.lang.swift; };
		65479CD8284A84C900E9CF13 /* GastosFixosViewController.swift */ = {isa = PBXFileReference; lastKnownFileType = sourcecode.swift; path = GastosFixosViewController.swift; sourceTree = "<group>"; };
		65479CD9284A84C900E9CF13 /* GastosFixosViewController.xib */ = {isa = PBXFileReference; lastKnownFileType = file.xib; path = GastosFixosViewController.xib; sourceTree = "<group>"; };
		656B2730284AA86A00183912 /* GastosFixosHeader.xib */ = {isa = PBXFileReference; lastKnownFileType = file.xib; path = GastosFixosHeader.xib; sourceTree = "<group>"; };
		656B2732284AA88700183912 /* GastosFixosHeader.swift */ = {isa = PBXFileReference; lastKnownFileType = sourcecode.swift; path = GastosFixosHeader.swift; sourceTree = "<group>"; };
		656B2734284E249400183912 /* GastosFixosViewModel.swift */ = {isa = PBXFileReference; lastKnownFileType = sourcecode.swift; path = GastosFixosViewModel.swift; sourceTree = "<group>"; };
		656B2738284E323E00183912 /* GastosFixos.swift */ = {isa = PBXFileReference; lastKnownFileType = sourcecode.swift; path = GastosFixos.swift; sourceTree = "<group>"; };
		656DF56728A3F5370056F94B /* GastosFixosDao.swift */ = {isa = PBXFileReference; lastKnownFileType = sourcecode.swift; path = GastosFixosDao.swift; sourceTree = "<group>"; };
		656DF56C28A44FCC0056F94B /* InvestimentosTableViewCell.swift */ = {isa = PBXFileReference; lastKnownFileType = sourcecode.swift; path = InvestimentosTableViewCell.swift; sourceTree = "<group>"; };
		656DF56D28A44FCC0056F94B /* InvestimentosTableViewCell.xib */ = {isa = PBXFileReference; lastKnownFileType = file.xib; path = InvestimentosTableViewCell.xib; sourceTree = "<group>"; };
		656DF57828A5434C0056F94B /* Validator.swift */ = {isa = PBXFileReference; lastKnownFileType = sourcecode.swift; path = Validator.swift; sourceTree = "<group>"; };
		656DF57A28A54F8A0056F94B /* UIView+.swift */ = {isa = PBXFileReference; lastKnownFileType = sourcecode.swift; path = "UIView+.swift"; sourceTree = "<group>"; };
		656DF58228A5C1AE0056F94B /* LabelDefault.swift */ = {isa = PBXFileReference; lastKnownFileType = sourcecode.swift; path = LabelDefault.swift; sourceTree = "<group>"; };
		656DF58428A5C6300056F94B /* TextFieldDefault.swift */ = {isa = PBXFileReference; lastKnownFileType = sourcecode.swift; path = TextFieldDefault.swift; sourceTree = "<group>"; };
		656DF58628A5CAD70056F94B /* ButtonDefault.swift */ = {isa = PBXFileReference; lastKnownFileType = sourcecode.swift; path = ButtonDefault.swift; sourceTree = "<group>"; };
		656DF58828A696BC0056F94B /* ViewControllerDefault.swift */ = {isa = PBXFileReference; lastKnownFileType = sourcecode.swift; path = ViewControllerDefault.swift; sourceTree = "<group>"; };
		656DF58B28A6B9A50056F94B /* Coordinator.swift */ = {isa = PBXFileReference; lastKnownFileType = sourcecode.swift; path = Coordinator.swift; sourceTree = "<group>"; };
		656DF58D28A6BBE90056F94B /* RegisterCoordinator.swift */ = {isa = PBXFileReference; lastKnownFileType = sourcecode.swift; path = RegisterCoordinator.swift; sourceTree = "<group>"; };
		656DF59028A6BDEF0056F94B /* LoginCoordinator.swift */ = {isa = PBXFileReference; lastKnownFileType = sourcecode.swift; path = LoginCoordinator.swift; sourceTree = "<group>"; };
		656DF59228A6C9560056F94B /* HomeCoordinator.swift */ = {isa = PBXFileReference; lastKnownFileType = sourcecode.swift; path = HomeCoordinator.swift; sourceTree = "<group>"; };
		656DF59B28A6F7600056F94B /* UIViewCodeDefault.swift */ = {isa = PBXFileReference; lastKnownFileType = sourcecode.swift; path = UIViewCodeDefault.swift; sourceTree = "<group>"; };
		656DF5DE28A7CD710056F94B /* RegisterViewController.swift */ = {isa = PBXFileReference; lastKnownFileType = sourcecode.swift; path = RegisterViewController.swift; sourceTree = "<group>"; };
		656DF5DF28A7CD710056F94B /* RegisterViewController.xib */ = {isa = PBXFileReference; lastKnownFileType = file.xib; path = RegisterViewController.xib; sourceTree = "<group>"; };
		656DF5E228A7DB680056F94B /* LoginViewController.swift */ = {isa = PBXFileReference; lastKnownFileType = sourcecode.swift; path = LoginViewController.swift; sourceTree = "<group>"; };
		656DF5E328A7DB680056F94B /* LoginViewController.xib */ = {isa = PBXFileReference; lastKnownFileType = file.xib; path = LoginViewController.xib; sourceTree = "<group>"; };
		65A325892854FEF400A51086 /* GastosFixosTableViewCell.swift */ = {isa = PBXFileReference; lastKnownFileType = sourcecode.swift; path = GastosFixosTableViewCell.swift; sourceTree = "<group>"; };
		65A3258A2854FEF400A51086 /* GastosFixosTableViewCell.xib */ = {isa = PBXFileReference; lastKnownFileType = file.xib; path = GastosFixosTableViewCell.xib; sourceTree = "<group>"; };
		65A3258E2857934500A51086 /* Alerta.swift */ = {isa = PBXFileReference; lastKnownFileType = sourcecode.swift; path = Alerta.swift; sourceTree = "<group>"; };
		65A4E7662847D3EB00B65279 /* DolarAPI.swift */ = {isa = PBXFileReference; lastKnownFileType = sourcecode.swift; path = DolarAPI.swift; sourceTree = "<group>"; };
		65A4E7682848048300B65279 /* HomeTableViewHeader.xib */ = {isa = PBXFileReference; lastKnownFileType = file.xib; path = HomeTableViewHeader.xib; sourceTree = "<group>"; };
		65A4E76A284806B100B65279 /* HomeTableViewHeader.swift */ = {isa = PBXFileReference; lastKnownFileType = sourcecode.swift; path = HomeTableViewHeader.swift; sourceTree = "<group>"; };
		65A4E76E2848EFE000B65279 /* HomeGastosFixosTableViewCell.swift */ = {isa = PBXFileReference; lastKnownFileType = sourcecode.swift; path = HomeGastosFixosTableViewCell.swift; sourceTree = "<group>"; };
		65A4E76F2848EFE000B65279 /* HomeGastosFixosTableViewCell.xib */ = {isa = PBXFileReference; lastKnownFileType = file.xib; path = HomeGastosFixosTableViewCell.xib; sourceTree = "<group>"; };
		687CF81810FBCFCC33772E0F /* Pods-ConsumindoFinancasAPI-ConsumindoFinancasAPIUITests.release.xcconfig */ = {isa = PBXFileReference; includeInIndex = 1; lastKnownFileType = text.xcconfig; name = "Pods-ConsumindoFinancasAPI-ConsumindoFinancasAPIUITests.release.xcconfig"; path = "Target Support Files/Pods-ConsumindoFinancasAPI-ConsumindoFinancasAPIUITests/Pods-ConsumindoFinancasAPI-ConsumindoFinancasAPIUITests.release.xcconfig"; sourceTree = "<group>"; };
		C4961389E7681F508E6A70C6 /* Pods_ConsumindoFinancasAPITests.framework */ = {isa = PBXFileReference; explicitFileType = wrapper.framework; includeInIndex = 0; path = Pods_ConsumindoFinancasAPITests.framework; sourceTree = BUILT_PRODUCTS_DIR; };
		E89D7BB16CAB71B4F1C9FBB5 /* Pods-ConsumindoFinancasAPI.release.xcconfig */ = {isa = PBXFileReference; includeInIndex = 1; lastKnownFileType = text.xcconfig; name = "Pods-ConsumindoFinancasAPI.release.xcconfig"; path = "Target Support Files/Pods-ConsumindoFinancasAPI/Pods-ConsumindoFinancasAPI.release.xcconfig"; sourceTree = "<group>"; };
		F9F373A46705FC810889CD6A /* Pods-ConsumindoFinancasAPITests.debug.xcconfig */ = {isa = PBXFileReference; includeInIndex = 1; lastKnownFileType = text.xcconfig; name = "Pods-ConsumindoFinancasAPITests.debug.xcconfig"; path = "Target Support Files/Pods-ConsumindoFinancasAPITests/Pods-ConsumindoFinancasAPITests.debug.xcconfig"; sourceTree = "<group>"; };
/* End PBXFileReference section */

/* Begin PBXFrameworksBuildPhase section */
		65426AD62842713D006B87E4 /* Frameworks */ = {
			isa = PBXFrameworksBuildPhase;
			buildActionMask = 2147483647;
			files = (
				2AD66437E5980E9FFE26EDC0 /* Pods_ConsumindoFinancasAPI.framework in Frameworks */,
			);
			runOnlyForDeploymentPostprocessing = 0;
		};
		65426AEF2842713F006B87E4 /* Frameworks */ = {
			isa = PBXFrameworksBuildPhase;
			buildActionMask = 2147483647;
			files = (
				16A12D3B626B7E1ECD4A4899 /* Pods_ConsumindoFinancasAPITests.framework in Frameworks */,
			);
			runOnlyForDeploymentPostprocessing = 0;
		};
		65426AF92842713F006B87E4 /* Frameworks */ = {
			isa = PBXFrameworksBuildPhase;
			buildActionMask = 2147483647;
			files = (
				AB9768F257B2D526FEFC65CA /* Pods_ConsumindoFinancasAPI_ConsumindoFinancasAPIUITests.framework in Frameworks */,
			);
			runOnlyForDeploymentPostprocessing = 0;
		};
/* End PBXFrameworksBuildPhase section */

/* Begin PBXGroup section */
		32320856603DFEB51FCA1F8F /* Frameworks */ = {
			isa = PBXGroup;
			children = (
				0FBF2C939BE4672D9B4971CF /* Pods_ConsumindoFinancasAPI.framework */,
				1A7665ABED2424C628A2B09A /* Pods_ConsumindoFinancasAPI_ConsumindoFinancasAPIUITests.framework */,
				C4961389E7681F508E6A70C6 /* Pods_ConsumindoFinancasAPITests.framework */,
			);
			name = Frameworks;
			sourceTree = "<group>";
		};
		6526D30128649D560044DFD7 /* Extensions */ = {
			isa = PBXGroup;
			children = (
				6526D2BE28638F450044DFD7 /* NSUIColor+Hex.swift */,
				656DF57A28A54F8A0056F94B /* UIView+.swift */,
			);
			path = Extensions;
			sourceTree = "<group>";
		};
		652D1B2328A1A6F0004ECC05 /* Networking */ = {
			isa = PBXGroup;
			children = (
				65A4E7662847D3EB00B65279 /* DolarAPI.swift */,
			);
			path = Networking;
			sourceTree = "<group>";
		};
		65426AD02842713D006B87E4 = {
			isa = PBXGroup;
			children = (
				65426ADB2842713D006B87E4 /* ConsumindoFinancasAPI */,
				65426AF52842713F006B87E4 /* ConsumindoFinancasAPITests */,
				65426AFF2842713F006B87E4 /* ConsumindoFinancasAPIUITests */,
				65426ADA2842713D006B87E4 /* Products */,
				F62FEDE4A01E16C26635EA63 /* Pods */,
				32320856603DFEB51FCA1F8F /* Frameworks */,
			);
			sourceTree = "<group>";
		};
		65426ADA2842713D006B87E4 /* Products */ = {
			isa = PBXGroup;
			children = (
				65426AD92842713D006B87E4 /* ConsumindoFinancasAPI.app */,
				65426AF22842713F006B87E4 /* ConsumindoFinancasAPITests.xctest */,
				65426AFC2842713F006B87E4 /* ConsumindoFinancasAPIUITests.xctest */,
			);
			name = Products;
			sourceTree = "<group>";
		};
		65426ADB2842713D006B87E4 /* ConsumindoFinancasAPI */ = {
			isa = PBXGroup;
			children = (
				65A4E7652847D2DA00B65279 /* AppDelegate */,
				656DF56528A3F5110056F94B /* Resources */,
				6526D30128649D560044DFD7 /* Extensions */,
				656DF58028A5C1570056F94B /* Infrastructure */,
				65A4E7622847D2AD00B65279 /* Model */,
				65A4E7632847D2BE00B65279 /* View */,
				65479CAD2849678400E9CF13 /* ViewModel */,
				656DF58A28A6B9760056F94B /* Coordinator */,
				65479CAE2849679800E9CF13 /* Mock */,
				65426AED2842713F006B87E4 /* Info.plist */,
				65426B0F28427F7B006B87E4 /* MyPlayground.playground */,
				65426AE52842713D006B87E4 /* ConsumindoFinancasAPI.xcdatamodeld */,
			);
			path = ConsumindoFinancasAPI;
			sourceTree = "<group>";
		};
		65426AF52842713F006B87E4 /* ConsumindoFinancasAPITests */ = {
			isa = PBXGroup;
			children = (
				65426AF62842713F006B87E4 /* ConsumindoFinancasAPITests.swift */,
			);
			path = ConsumindoFinancasAPITests;
			sourceTree = "<group>";
		};
		65426AFF2842713F006B87E4 /* ConsumindoFinancasAPIUITests */ = {
			isa = PBXGroup;
			children = (
				65426B002842713F006B87E4 /* ConsumindoFinancasAPIUITests.swift */,
				65426B022842713F006B87E4 /* ConsumindoFinancasAPIUITestsLaunchTests.swift */,
			);
			path = ConsumindoFinancasAPIUITests;
			sourceTree = "<group>";
		};
		65479CAD2849678400E9CF13 /* ViewModel */ = {
			isa = PBXGroup;
			children = (
				656B2734284E249400183912 /* GastosFixosViewModel.swift */,
				656DF57828A5434C0056F94B /* Validator.swift */,
			);
			path = ViewModel;
			sourceTree = "<group>";
		};
		65479CAE2849679800E9CF13 /* Mock */ = {
			isa = PBXGroup;
			children = (
			);
			path = Mock;
			sourceTree = "<group>";
		};
		65479CCF284A800A00E9CF13 /* Home */ = {
			isa = PBXGroup;
			children = (
				656DF56028A295F00056F94B /* HomeVC */,
				65479CD0284A802700E9CF13 /* Header */,
				65479CD1284A803B00E9CF13 /* Cells */,
			);
			path = Home;
			sourceTree = "<group>";
		};
		65479CD0284A802700E9CF13 /* Header */ = {
			isa = PBXGroup;
			children = (
				65A4E7682848048300B65279 /* HomeTableViewHeader.xib */,
				65A4E76A284806B100B65279 /* HomeTableViewHeader.swift */,
			);
			path = Header;
			sourceTree = "<group>";
		};
		65479CD1284A803B00E9CF13 /* Cells */ = {
			isa = PBXGroup;
			children = (
				656DF56A28A44F9B0056F94B /* GastosFixos */,
				656DF56B28A44FAD0056F94B /* Investimentos */,
			);
			path = Cells;
			sourceTree = "<group>";
		};
		65479CD2284A80EA00E9CF13 /* Gastos Fixos  */ = {
			isa = PBXGroup;
			children = (
				656DF55F28A295D40056F94B /* GastosFixosVC */,
				65479CD3284A810200E9CF13 /* Header */,
				65A325882854FE3000A51086 /* Cells */,
			);
			path = "Gastos Fixos ";
			sourceTree = "<group>";
		};
		65479CD3284A810200E9CF13 /* Header */ = {
			isa = PBXGroup;
			children = (
				656B2730284AA86A00183912 /* GastosFixosHeader.xib */,
				656B2732284AA88700183912 /* GastosFixosHeader.swift */,
			);
			path = Header;
			sourceTree = "<group>";
		};
		656DF55F28A295D40056F94B /* GastosFixosVC */ = {
			isa = PBXGroup;
			children = (
				65479CD8284A84C900E9CF13 /* GastosFixosViewController.swift */,
				65479CD9284A84C900E9CF13 /* GastosFixosViewController.xib */,
			);
			path = GastosFixosVC;
			sourceTree = "<group>";
		};
		656DF56028A295F00056F94B /* HomeVC */ = {
			isa = PBXGroup;
			children = (
				65426AE22842713D006B87E4 /* Main.storyboard */,
				65426AE02842713D006B87E4 /* HomeViewControllerViewController.swift */,
			);
			path = HomeVC;
			sourceTree = "<group>";
		};
		656DF56528A3F5110056F94B /* Resources */ = {
			isa = PBXGroup;
			children = (
				656DF56628A3F5200056F94B /* LaunchScreen */,
				65426AE82842713F006B87E4 /* Assets.xcassets */,
			);
			path = Resources;
			sourceTree = "<group>";
		};
		656DF56628A3F5200056F94B /* LaunchScreen */ = {
			isa = PBXGroup;
			children = (
				65426AEA2842713F006B87E4 /* LaunchScreen.storyboard */,
			);
			path = LaunchScreen;
			sourceTree = "<group>";
		};
		656DF56928A428DB0056F94B /* Data Access Object */ = {
			isa = PBXGroup;
			children = (
				656DF56728A3F5370056F94B /* GastosFixosDao.swift */,
			);
			path = "Data Access Object";
			sourceTree = "<group>";
		};
		656DF56A28A44F9B0056F94B /* GastosFixos */ = {
			isa = PBXGroup;
			children = (
				65A4E76F2848EFE000B65279 /* HomeGastosFixosTableViewCell.xib */,
				65A4E76E2848EFE000B65279 /* HomeGastosFixosTableViewCell.swift */,
			);
			path = GastosFixos;
			sourceTree = "<group>";
		};
		656DF56B28A44FAD0056F94B /* Investimentos */ = {
			isa = PBXGroup;
			children = (
				656DF56C28A44FCC0056F94B /* InvestimentosTableViewCell.swift */,
				656DF56D28A44FCC0056F94B /* InvestimentosTableViewCell.xib */,
			);
			path = Investimentos;
			sourceTree = "<group>";
		};
		656DF57028A452E10056F94B /* Login */ = {
			isa = PBXGroup;
			children = (
				656DF5E228A7DB680056F94B /* LoginViewController.swift */,
				656DF5E328A7DB680056F94B /* LoginViewController.xib */,
			);
			path = Login;
			sourceTree = "<group>";
		};
		656DF58028A5C1570056F94B /* Infrastructure */ = {
			isa = PBXGroup;
			children = (
				656DF58128A5C1710056F94B /* Components */,
			);
			path = Infrastructure;
			sourceTree = "<group>";
		};
		656DF58128A5C1710056F94B /* Components */ = {
			isa = PBXGroup;
			children = (
				656DF58228A5C1AE0056F94B /* LabelDefault.swift */,
				656DF58428A5C6300056F94B /* TextFieldDefault.swift */,
				656DF58628A5CAD70056F94B /* ButtonDefault.swift */,
				656DF58828A696BC0056F94B /* ViewControllerDefault.swift */,
				656DF59B28A6F7600056F94B /* UIViewCodeDefault.swift */,
			);
			path = Components;
			sourceTree = "<group>";
		};
		656DF58A28A6B9760056F94B /* Coordinator */ = {
			isa = PBXGroup;
			children = (
				656DF58B28A6B9A50056F94B /* Coordinator.swift */,
				656DF59028A6BDEF0056F94B /* LoginCoordinator.swift */,
				656DF58D28A6BBE90056F94B /* RegisterCoordinator.swift */,
				656DF59228A6C9560056F94B /* HomeCoordinator.swift */,
			);
			path = Coordinator;
			sourceTree = "<group>";
		};
		656DF59428A6C9E50056F94B /* Register */ = {
			isa = PBXGroup;
			children = (
				656DF5DE28A7CD710056F94B /* RegisterViewController.swift */,
				656DF5DF28A7CD710056F94B /* RegisterViewController.xib */,
			);
			path = Register;
			sourceTree = "<group>";
		};
		65A325882854FE3000A51086 /* Cells */ = {
			isa = PBXGroup;
			children = (
				65A325892854FEF400A51086 /* GastosFixosTableViewCell.swift */,
				65A3258A2854FEF400A51086 /* GastosFixosTableViewCell.xib */,
			);
			path = Cells;
			sourceTree = "<group>";
		};
		65A4E7622847D2AD00B65279 /* Model */ = {
			isa = PBXGroup;
			children = (
				656DF56928A428DB0056F94B /* Data Access Object */,
				652D1B2328A1A6F0004ECC05 /* Networking */,
				656B2738284E323E00183912 /* GastosFixos.swift */,
				65A3258E2857934500A51086 /* Alerta.swift */,
			);
			path = Model;
			sourceTree = "<group>";
		};
		65A4E7632847D2BE00B65279 /* View */ = {
			isa = PBXGroup;
			children = (
				656DF57028A452E10056F94B /* Login */,
				656DF59428A6C9E50056F94B /* Register */,
				65479CCF284A800A00E9CF13 /* Home */,
				65479CD2284A80EA00E9CF13 /* Gastos Fixos  */,
			);
			path = View;
			sourceTree = "<group>";
		};
		65A4E7652847D2DA00B65279 /* AppDelegate */ = {
			isa = PBXGroup;
			children = (
				65426ADC2842713D006B87E4 /* AppDelegate.swift */,
				65426ADE2842713D006B87E4 /* SceneDelegate.swift */,
			);
			path = AppDelegate;
			sourceTree = "<group>";
		};
		F62FEDE4A01E16C26635EA63 /* Pods */ = {
			isa = PBXGroup;
			children = (
				0E88EF20AE163757A183172D /* Pods-ConsumindoFinancasAPI.debug.xcconfig */,
				E89D7BB16CAB71B4F1C9FBB5 /* Pods-ConsumindoFinancasAPI.release.xcconfig */,
				1081A30E7DBE93FF058C17DE /* Pods-ConsumindoFinancasAPI-ConsumindoFinancasAPIUITests.debug.xcconfig */,
				687CF81810FBCFCC33772E0F /* Pods-ConsumindoFinancasAPI-ConsumindoFinancasAPIUITests.release.xcconfig */,
				F9F373A46705FC810889CD6A /* Pods-ConsumindoFinancasAPITests.debug.xcconfig */,
				1C549A1974608AF45294BCE0 /* Pods-ConsumindoFinancasAPITests.release.xcconfig */,
			);
			path = Pods;
			sourceTree = "<group>";
		};
/* End PBXGroup section */

/* Begin PBXNativeTarget section */
		65426AD82842713D006B87E4 /* ConsumindoFinancasAPI */ = {
			isa = PBXNativeTarget;
			buildConfigurationList = 65426B062842713F006B87E4 /* Build configuration list for PBXNativeTarget "ConsumindoFinancasAPI" */;
			buildPhases = (
				56262A64E3A5FE5DF0CC9F09 /* [CP] Check Pods Manifest.lock */,
				65426AD52842713D006B87E4 /* Sources */,
				65426AD62842713D006B87E4 /* Frameworks */,
				65426AD72842713D006B87E4 /* Resources */,
				61E2837AA71707E823084F2C /* [CP] Embed Pods Frameworks */,
			);
			buildRules = (
			);
			dependencies = (
			);
			name = ConsumindoFinancasAPI;
			productName = ConsumindoFinancasAPI;
			productReference = 65426AD92842713D006B87E4 /* ConsumindoFinancasAPI.app */;
			productType = "com.apple.product-type.application";
		};
		65426AF12842713F006B87E4 /* ConsumindoFinancasAPITests */ = {
			isa = PBXNativeTarget;
			buildConfigurationList = 65426B092842713F006B87E4 /* Build configuration list for PBXNativeTarget "ConsumindoFinancasAPITests" */;
			buildPhases = (
				736CAA70EF8741BD66D380DA /* [CP] Check Pods Manifest.lock */,
				65426AEE2842713F006B87E4 /* Sources */,
				65426AEF2842713F006B87E4 /* Frameworks */,
				65426AF02842713F006B87E4 /* Resources */,
			);
			buildRules = (
			);
			dependencies = (
				65426AF42842713F006B87E4 /* PBXTargetDependency */,
			);
			name = ConsumindoFinancasAPITests;
			productName = ConsumindoFinancasAPITests;
			productReference = 65426AF22842713F006B87E4 /* ConsumindoFinancasAPITests.xctest */;
			productType = "com.apple.product-type.bundle.unit-test";
		};
		65426AFB2842713F006B87E4 /* ConsumindoFinancasAPIUITests */ = {
			isa = PBXNativeTarget;
			buildConfigurationList = 65426B0C2842713F006B87E4 /* Build configuration list for PBXNativeTarget "ConsumindoFinancasAPIUITests" */;
			buildPhases = (
				79837AD56995BCA0106BB3F4 /* [CP] Check Pods Manifest.lock */,
				65426AF82842713F006B87E4 /* Sources */,
				65426AF92842713F006B87E4 /* Frameworks */,
				65426AFA2842713F006B87E4 /* Resources */,
				328EE720B053E7A73A837503 /* [CP] Embed Pods Frameworks */,
			);
			buildRules = (
			);
			dependencies = (
				65426AFE2842713F006B87E4 /* PBXTargetDependency */,
			);
			name = ConsumindoFinancasAPIUITests;
			productName = ConsumindoFinancasAPIUITests;
			productReference = 65426AFC2842713F006B87E4 /* ConsumindoFinancasAPIUITests.xctest */;
			productType = "com.apple.product-type.bundle.ui-testing";
		};
/* End PBXNativeTarget section */

/* Begin PBXProject section */
		65426AD12842713D006B87E4 /* Project object */ = {
			isa = PBXProject;
			attributes = {
				BuildIndependentTargetsInParallel = 1;
				LastSwiftUpdateCheck = 1330;
				LastUpgradeCheck = 1330;
				TargetAttributes = {
					65426AD82842713D006B87E4 = {
						CreatedOnToolsVersion = 13.3;
					};
					65426AF12842713F006B87E4 = {
						CreatedOnToolsVersion = 13.3;
						TestTargetID = 65426AD82842713D006B87E4;
					};
					65426AFB2842713F006B87E4 = {
						CreatedOnToolsVersion = 13.3;
						TestTargetID = 65426AD82842713D006B87E4;
					};
				};
			};
			buildConfigurationList = 65426AD42842713D006B87E4 /* Build configuration list for PBXProject "ConsumindoFinancasAPI" */;
			compatibilityVersion = "Xcode 13.0";
			developmentRegion = en;
			hasScannedForEncodings = 0;
			knownRegions = (
				en,
				Base,
			);
			mainGroup = 65426AD02842713D006B87E4;
			productRefGroup = 65426ADA2842713D006B87E4 /* Products */;
			projectDirPath = "";
			projectRoot = "";
			targets = (
				65426AD82842713D006B87E4 /* ConsumindoFinancasAPI */,
				65426AF12842713F006B87E4 /* ConsumindoFinancasAPITests */,
				65426AFB2842713F006B87E4 /* ConsumindoFinancasAPIUITests */,
			);
		};
/* End PBXProject section */

/* Begin PBXResourcesBuildPhase section */
		65426AD72842713D006B87E4 /* Resources */ = {
			isa = PBXResourcesBuildPhase;
			buildActionMask = 2147483647;
			files = (
				656DF5E128A7CD720056F94B /* RegisterViewController.xib in Resources */,
				65426AEC2842713F006B87E4 /* LaunchScreen.storyboard in Resources */,
				656DF5E528A7DB680056F94B /* LoginViewController.xib in Resources */,
				65A4E7692848048300B65279 /* HomeTableViewHeader.xib in Resources */,
				65A3258C2854FEF500A51086 /* GastosFixosTableViewCell.xib in Resources */,
				65A4E7712848EFE000B65279 /* HomeGastosFixosTableViewCell.xib in Resources */,
				65479CDB284A84C900E9CF13 /* GastosFixosViewController.xib in Resources */,
				656B2731284AA86A00183912 /* GastosFixosHeader.xib in Resources */,
				656DF56F28A44FCC0056F94B /* InvestimentosTableViewCell.xib in Resources */,
				65426AE92842713F006B87E4 /* Assets.xcassets in Resources */,
				65426AE42842713D006B87E4 /* Main.storyboard in Resources */,
			);
			runOnlyForDeploymentPostprocessing = 0;
		};
		65426AF02842713F006B87E4 /* Resources */ = {
			isa = PBXResourcesBuildPhase;
			buildActionMask = 2147483647;
			files = (
			);
			runOnlyForDeploymentPostprocessing = 0;
		};
		65426AFA2842713F006B87E4 /* Resources */ = {
			isa = PBXResourcesBuildPhase;
			buildActionMask = 2147483647;
			files = (
			);
			runOnlyForDeploymentPostprocessing = 0;
		};
/* End PBXResourcesBuildPhase section */

/* Begin PBXShellScriptBuildPhase section */
		328EE720B053E7A73A837503 /* [CP] Embed Pods Frameworks */ = {
			isa = PBXShellScriptBuildPhase;
			buildActionMask = 2147483647;
			files = (
			);
			inputFileListPaths = (
				"${PODS_ROOT}/Target Support Files/Pods-ConsumindoFinancasAPI-ConsumindoFinancasAPIUITests/Pods-ConsumindoFinancasAPI-ConsumindoFinancasAPIUITests-frameworks-${CONFIGURATION}-input-files.xcfilelist",
			);
			name = "[CP] Embed Pods Frameworks";
			outputFileListPaths = (
				"${PODS_ROOT}/Target Support Files/Pods-ConsumindoFinancasAPI-ConsumindoFinancasAPIUITests/Pods-ConsumindoFinancasAPI-ConsumindoFinancasAPIUITests-frameworks-${CONFIGURATION}-output-files.xcfilelist",
			);
			runOnlyForDeploymentPostprocessing = 0;
			shellPath = /bin/sh;
			shellScript = "\"${PODS_ROOT}/Target Support Files/Pods-ConsumindoFinancasAPI-ConsumindoFinancasAPIUITests/Pods-ConsumindoFinancasAPI-ConsumindoFinancasAPIUITests-frameworks.sh\"\n";
			showEnvVarsInLog = 0;
		};
		56262A64E3A5FE5DF0CC9F09 /* [CP] Check Pods Manifest.lock */ = {
			isa = PBXShellScriptBuildPhase;
			buildActionMask = 2147483647;
			files = (
			);
			inputFileListPaths = (
			);
			inputPaths = (
				"${PODS_PODFILE_DIR_PATH}/Podfile.lock",
				"${PODS_ROOT}/Manifest.lock",
			);
			name = "[CP] Check Pods Manifest.lock";
			outputFileListPaths = (
			);
			outputPaths = (
				"$(DERIVED_FILE_DIR)/Pods-ConsumindoFinancasAPI-checkManifestLockResult.txt",
			);
			runOnlyForDeploymentPostprocessing = 0;
			shellPath = /bin/sh;
			shellScript = "diff \"${PODS_PODFILE_DIR_PATH}/Podfile.lock\" \"${PODS_ROOT}/Manifest.lock\" > /dev/null\nif [ $? != 0 ] ; then\n    # print error to STDERR\n    echo \"error: The sandbox is not in sync with the Podfile.lock. Run 'pod install' or update your CocoaPods installation.\" >&2\n    exit 1\nfi\n# This output is used by Xcode 'outputs' to avoid re-running this script phase.\necho \"SUCCESS\" > \"${SCRIPT_OUTPUT_FILE_0}\"\n";
			showEnvVarsInLog = 0;
		};
		61E2837AA71707E823084F2C /* [CP] Embed Pods Frameworks */ = {
			isa = PBXShellScriptBuildPhase;
			buildActionMask = 2147483647;
			files = (
			);
			inputFileListPaths = (
				"${PODS_ROOT}/Target Support Files/Pods-ConsumindoFinancasAPI/Pods-ConsumindoFinancasAPI-frameworks-${CONFIGURATION}-input-files.xcfilelist",
			);
			name = "[CP] Embed Pods Frameworks";
			outputFileListPaths = (
				"${PODS_ROOT}/Target Support Files/Pods-ConsumindoFinancasAPI/Pods-ConsumindoFinancasAPI-frameworks-${CONFIGURATION}-output-files.xcfilelist",
			);
			runOnlyForDeploymentPostprocessing = 0;
			shellPath = /bin/sh;
			shellScript = "\"${PODS_ROOT}/Target Support Files/Pods-ConsumindoFinancasAPI/Pods-ConsumindoFinancasAPI-frameworks.sh\"\n";
			showEnvVarsInLog = 0;
		};
		736CAA70EF8741BD66D380DA /* [CP] Check Pods Manifest.lock */ = {
			isa = PBXShellScriptBuildPhase;
			buildActionMask = 2147483647;
			files = (
			);
			inputFileListPaths = (
			);
			inputPaths = (
				"${PODS_PODFILE_DIR_PATH}/Podfile.lock",
				"${PODS_ROOT}/Manifest.lock",
			);
			name = "[CP] Check Pods Manifest.lock";
			outputFileListPaths = (
			);
			outputPaths = (
				"$(DERIVED_FILE_DIR)/Pods-ConsumindoFinancasAPITests-checkManifestLockResult.txt",
			);
			runOnlyForDeploymentPostprocessing = 0;
			shellPath = /bin/sh;
			shellScript = "diff \"${PODS_PODFILE_DIR_PATH}/Podfile.lock\" \"${PODS_ROOT}/Manifest.lock\" > /dev/null\nif [ $? != 0 ] ; then\n    # print error to STDERR\n    echo \"error: The sandbox is not in sync with the Podfile.lock. Run 'pod install' or update your CocoaPods installation.\" >&2\n    exit 1\nfi\n# This output is used by Xcode 'outputs' to avoid re-running this script phase.\necho \"SUCCESS\" > \"${SCRIPT_OUTPUT_FILE_0}\"\n";
			showEnvVarsInLog = 0;
		};
		79837AD56995BCA0106BB3F4 /* [CP] Check Pods Manifest.lock */ = {
			isa = PBXShellScriptBuildPhase;
			buildActionMask = 2147483647;
			files = (
			);
			inputFileListPaths = (
			);
			inputPaths = (
				"${PODS_PODFILE_DIR_PATH}/Podfile.lock",
				"${PODS_ROOT}/Manifest.lock",
			);
			name = "[CP] Check Pods Manifest.lock";
			outputFileListPaths = (
			);
			outputPaths = (
				"$(DERIVED_FILE_DIR)/Pods-ConsumindoFinancasAPI-ConsumindoFinancasAPIUITests-checkManifestLockResult.txt",
			);
			runOnlyForDeploymentPostprocessing = 0;
			shellPath = /bin/sh;
			shellScript = "diff \"${PODS_PODFILE_DIR_PATH}/Podfile.lock\" \"${PODS_ROOT}/Manifest.lock\" > /dev/null\nif [ $? != 0 ] ; then\n    # print error to STDERR\n    echo \"error: The sandbox is not in sync with the Podfile.lock. Run 'pod install' or update your CocoaPods installation.\" >&2\n    exit 1\nfi\n# This output is used by Xcode 'outputs' to avoid re-running this script phase.\necho \"SUCCESS\" > \"${SCRIPT_OUTPUT_FILE_0}\"\n";
			showEnvVarsInLog = 0;
		};
/* End PBXShellScriptBuildPhase section */

/* Begin PBXSourcesBuildPhase section */
		65426AD52842713D006B87E4 /* Sources */ = {
			isa = PBXSourcesBuildPhase;
			buildActionMask = 2147483647;
			files = (
				656DF59128A6BDEF0056F94B /* LoginCoordinator.swift in Sources */,
				65426AE12842713D006B87E4 /* HomeViewControllerViewController.swift in Sources */,
				656DF59328A6C9560056F94B /* HomeCoordinator.swift in Sources */,
				65A4E7672847D3EB00B65279 /* DolarAPI.swift in Sources */,
				656DF56828A3F5370056F94B /* GastosFixosDao.swift in Sources */,
				656DF5E428A7DB680056F94B /* LoginViewController.swift in Sources */,
				656DF58528A5C6300056F94B /* TextFieldDefault.swift in Sources */,
				65A3258F2857934500A51086 /* Alerta.swift in Sources */,
				656DF58728A5CAD70056F94B /* ButtonDefault.swift in Sources */,
				65426ADD2842713D006B87E4 /* AppDelegate.swift in Sources */,
				65A3258B2854FEF400A51086 /* GastosFixosTableViewCell.swift in Sources */,
				656DF59C28A6F7610056F94B /* UIViewCodeDefault.swift in Sources */,
				65426AE72842713D006B87E4 /* ConsumindoFinancasAPI.xcdatamodeld in Sources */,
				656DF57B28A54F8A0056F94B /* UIView+.swift in Sources */,
				65A4E7702848EFE000B65279 /* HomeGastosFixosTableViewCell.swift in Sources */,
				65426ADF2842713D006B87E4 /* SceneDelegate.swift in Sources */,
				6526D2BF28638F450044DFD7 /* NSUIColor+Hex.swift in Sources */,
				656DF58C28A6B9A50056F94B /* Coordinator.swift in Sources */,
				656DF58328A5C1AE0056F94B /* LabelDefault.swift in Sources */,
				656DF57928A5434C0056F94B /* Validator.swift in Sources */,
				656B2739284E323E00183912 /* GastosFixos.swift in Sources */,
				656DF58E28A6BBE90056F94B /* RegisterCoordinator.swift in Sources */,
				656DF58928A696BC0056F94B /* ViewControllerDefault.swift in Sources */,
				65479CDA284A84C900E9CF13 /* GastosFixosViewController.swift in Sources */,
				656DF56E28A44FCC0056F94B /* InvestimentosTableViewCell.swift in Sources */,
				656B2735284E249400183912 /* GastosFixosViewModel.swift in Sources */,
				656B2733284AA88700183912 /* GastosFixosHeader.swift in Sources */,
				65A4E76B284806B100B65279 /* HomeTableViewHeader.swift in Sources */,
				656DF5E028A7CD720056F94B /* RegisterViewController.swift in Sources */,
			);
			runOnlyForDeploymentPostprocessing = 0;
		};
		65426AEE2842713F006B87E4 /* Sources */ = {
			isa = PBXSourcesBuildPhase;
			buildActionMask = 2147483647;
			files = (
				65426AF72842713F006B87E4 /* ConsumindoFinancasAPITests.swift in Sources */,
			);
			runOnlyForDeploymentPostprocessing = 0;
		};
		65426AF82842713F006B87E4 /* Sources */ = {
			isa = PBXSourcesBuildPhase;
			buildActionMask = 2147483647;
			files = (
				65426B012842713F006B87E4 /* ConsumindoFinancasAPIUITests.swift in Sources */,
				65426B032842713F006B87E4 /* ConsumindoFinancasAPIUITestsLaunchTests.swift in Sources */,
			);
			runOnlyForDeploymentPostprocessing = 0;
		};
/* End PBXSourcesBuildPhase section */

/* Begin PBXTargetDependency section */
		65426AF42842713F006B87E4 /* PBXTargetDependency */ = {
			isa = PBXTargetDependency;
			target = 65426AD82842713D006B87E4 /* ConsumindoFinancasAPI */;
			targetProxy = 65426AF32842713F006B87E4 /* PBXContainerItemProxy */;
		};
		65426AFE2842713F006B87E4 /* PBXTargetDependency */ = {
			isa = PBXTargetDependency;
			target = 65426AD82842713D006B87E4 /* ConsumindoFinancasAPI */;
			targetProxy = 65426AFD2842713F006B87E4 /* PBXContainerItemProxy */;
		};
/* End PBXTargetDependency section */

/* Begin PBXVariantGroup section */
		65426AE22842713D006B87E4 /* Main.storyboard */ = {
			isa = PBXVariantGroup;
			children = (
				65426AE32842713D006B87E4 /* Base */,
			);
			name = Main.storyboard;
			sourceTree = "<group>";
		};
		65426AEA2842713F006B87E4 /* LaunchScreen.storyboard */ = {
			isa = PBXVariantGroup;
			children = (
				65426AEB2842713F006B87E4 /* Base */,
			);
			name = LaunchScreen.storyboard;
			sourceTree = "<group>";
		};
/* End PBXVariantGroup section */

/* Begin XCBuildConfiguration section */
		65426B042842713F006B87E4 /* Debug */ = {
			isa = XCBuildConfiguration;
			buildSettings = {
				ALWAYS_SEARCH_USER_PATHS = NO;
				CLANG_ANALYZER_NONNULL = YES;
				CLANG_ANALYZER_NUMBER_OBJECT_CONVERSION = YES_AGGRESSIVE;
				CLANG_CXX_LANGUAGE_STANDARD = "gnu++17";
				CLANG_ENABLE_MODULES = YES;
				CLANG_ENABLE_OBJC_ARC = YES;
				CLANG_ENABLE_OBJC_WEAK = YES;
				CLANG_WARN_BLOCK_CAPTURE_AUTORELEASING = YES;
				CLANG_WARN_BOOL_CONVERSION = YES;
				CLANG_WARN_COMMA = YES;
				CLANG_WARN_CONSTANT_CONVERSION = YES;
				CLANG_WARN_DEPRECATED_OBJC_IMPLEMENTATIONS = YES;
				CLANG_WARN_DIRECT_OBJC_ISA_USAGE = YES_ERROR;
				CLANG_WARN_DOCUMENTATION_COMMENTS = YES;
				CLANG_WARN_EMPTY_BODY = YES;
				CLANG_WARN_ENUM_CONVERSION = YES;
				CLANG_WARN_INFINITE_RECURSION = YES;
				CLANG_WARN_INT_CONVERSION = YES;
				CLANG_WARN_NON_LITERAL_NULL_CONVERSION = YES;
				CLANG_WARN_OBJC_IMPLICIT_RETAIN_SELF = YES;
				CLANG_WARN_OBJC_LITERAL_CONVERSION = YES;
				CLANG_WARN_OBJC_ROOT_CLASS = YES_ERROR;
				CLANG_WARN_QUOTED_INCLUDE_IN_FRAMEWORK_HEADER = YES;
				CLANG_WARN_RANGE_LOOP_ANALYSIS = YES;
				CLANG_WARN_STRICT_PROTOTYPES = YES;
				CLANG_WARN_SUSPICIOUS_MOVE = YES;
				CLANG_WARN_UNGUARDED_AVAILABILITY = YES_AGGRESSIVE;
				CLANG_WARN_UNREACHABLE_CODE = YES;
				CLANG_WARN__DUPLICATE_METHOD_MATCH = YES;
				COPY_PHASE_STRIP = NO;
				DEBUG_INFORMATION_FORMAT = dwarf;
				ENABLE_STRICT_OBJC_MSGSEND = YES;
				ENABLE_TESTABILITY = YES;
				GCC_C_LANGUAGE_STANDARD = gnu11;
				GCC_DYNAMIC_NO_PIC = NO;
				GCC_NO_COMMON_BLOCKS = YES;
				GCC_OPTIMIZATION_LEVEL = 0;
				GCC_PREPROCESSOR_DEFINITIONS = (
					"DEBUG=1",
					"$(inherited)",
				);
				GCC_WARN_64_TO_32_BIT_CONVERSION = YES;
				GCC_WARN_ABOUT_RETURN_TYPE = YES_ERROR;
				GCC_WARN_UNDECLARED_SELECTOR = YES;
				GCC_WARN_UNINITIALIZED_AUTOS = YES_AGGRESSIVE;
				GCC_WARN_UNUSED_FUNCTION = YES;
				GCC_WARN_UNUSED_VARIABLE = YES;
				IPHONEOS_DEPLOYMENT_TARGET = 15.4;
				MTL_ENABLE_DEBUG_INFO = INCLUDE_SOURCE;
				MTL_FAST_MATH = YES;
				ONLY_ACTIVE_ARCH = YES;
				SDKROOT = iphoneos;
				SWIFT_ACTIVE_COMPILATION_CONDITIONS = DEBUG;
				SWIFT_OPTIMIZATION_LEVEL = "-Onone";
			};
			name = Debug;
		};
		65426B052842713F006B87E4 /* Release */ = {
			isa = XCBuildConfiguration;
			buildSettings = {
				ALWAYS_SEARCH_USER_PATHS = NO;
				CLANG_ANALYZER_NONNULL = YES;
				CLANG_ANALYZER_NUMBER_OBJECT_CONVERSION = YES_AGGRESSIVE;
				CLANG_CXX_LANGUAGE_STANDARD = "gnu++17";
				CLANG_ENABLE_MODULES = YES;
				CLANG_ENABLE_OBJC_ARC = YES;
				CLANG_ENABLE_OBJC_WEAK = YES;
				CLANG_WARN_BLOCK_CAPTURE_AUTORELEASING = YES;
				CLANG_WARN_BOOL_CONVERSION = YES;
				CLANG_WARN_COMMA = YES;
				CLANG_WARN_CONSTANT_CONVERSION = YES;
				CLANG_WARN_DEPRECATED_OBJC_IMPLEMENTATIONS = YES;
				CLANG_WARN_DIRECT_OBJC_ISA_USAGE = YES_ERROR;
				CLANG_WARN_DOCUMENTATION_COMMENTS = YES;
				CLANG_WARN_EMPTY_BODY = YES;
				CLANG_WARN_ENUM_CONVERSION = YES;
				CLANG_WARN_INFINITE_RECURSION = YES;
				CLANG_WARN_INT_CONVERSION = YES;
				CLANG_WARN_NON_LITERAL_NULL_CONVERSION = YES;
				CLANG_WARN_OBJC_IMPLICIT_RETAIN_SELF = YES;
				CLANG_WARN_OBJC_LITERAL_CONVERSION = YES;
				CLANG_WARN_OBJC_ROOT_CLASS = YES_ERROR;
				CLANG_WARN_QUOTED_INCLUDE_IN_FRAMEWORK_HEADER = YES;
				CLANG_WARN_RANGE_LOOP_ANALYSIS = YES;
				CLANG_WARN_STRICT_PROTOTYPES = YES;
				CLANG_WARN_SUSPICIOUS_MOVE = YES;
				CLANG_WARN_UNGUARDED_AVAILABILITY = YES_AGGRESSIVE;
				CLANG_WARN_UNREACHABLE_CODE = YES;
				CLANG_WARN__DUPLICATE_METHOD_MATCH = YES;
				COPY_PHASE_STRIP = NO;
				DEBUG_INFORMATION_FORMAT = "dwarf-with-dsym";
				ENABLE_NS_ASSERTIONS = NO;
				ENABLE_STRICT_OBJC_MSGSEND = YES;
				GCC_C_LANGUAGE_STANDARD = gnu11;
				GCC_NO_COMMON_BLOCKS = YES;
				GCC_WARN_64_TO_32_BIT_CONVERSION = YES;
				GCC_WARN_ABOUT_RETURN_TYPE = YES_ERROR;
				GCC_WARN_UNDECLARED_SELECTOR = YES;
				GCC_WARN_UNINITIALIZED_AUTOS = YES_AGGRESSIVE;
				GCC_WARN_UNUSED_FUNCTION = YES;
				GCC_WARN_UNUSED_VARIABLE = YES;
				IPHONEOS_DEPLOYMENT_TARGET = 15.4;
				MTL_ENABLE_DEBUG_INFO = NO;
				MTL_FAST_MATH = YES;
				SDKROOT = iphoneos;
				SWIFT_COMPILATION_MODE = wholemodule;
				SWIFT_OPTIMIZATION_LEVEL = "-O";
				VALIDATE_PRODUCT = YES;
			};
			name = Release;
		};
		65426B072842713F006B87E4 /* Debug */ = {
			isa = XCBuildConfiguration;
			baseConfigurationReference = 0E88EF20AE163757A183172D /* Pods-ConsumindoFinancasAPI.debug.xcconfig */;
			buildSettings = {
				ASSETCATALOG_COMPILER_APPICON_NAME = AppIcon;
				ASSETCATALOG_COMPILER_GLOBAL_ACCENT_COLOR_NAME = AccentColor;
				CODE_SIGN_STYLE = Automatic;
				CURRENT_PROJECT_VERSION = 1;
				DEVELOPMENT_TEAM = NTRW2Q55W3;
				GENERATE_INFOPLIST_FILE = YES;
				INFOPLIST_FILE = ConsumindoFinancasAPI/Info.plist;
				INFOPLIST_KEY_UIApplicationSupportsIndirectInputEvents = YES;
				INFOPLIST_KEY_UILaunchStoryboardName = LaunchScreen;
				INFOPLIST_KEY_UIMainStoryboardFile = Main;
				INFOPLIST_KEY_UISupportedInterfaceOrientations_iPad = "UIInterfaceOrientationPortrait UIInterfaceOrientationPortraitUpsideDown UIInterfaceOrientationLandscapeLeft UIInterfaceOrientationLandscapeRight";
				INFOPLIST_KEY_UISupportedInterfaceOrientations_iPhone = "UIInterfaceOrientationPortrait UIInterfaceOrientationLandscapeLeft UIInterfaceOrientationLandscapeRight";
				LD_RUNPATH_SEARCH_PATHS = (
					"$(inherited)",
					"@executable_path/Frameworks",
				);
				MARKETING_VERSION = 1.0;
				PRODUCT_BUNDLE_IDENTIFIER = com.gabrieldcc.ConsumindoFinancasAPI;
				PRODUCT_NAME = "$(TARGET_NAME)";
				SWIFT_EMIT_LOC_STRINGS = YES;
				SWIFT_VERSION = 5.0;
				TARGETED_DEVICE_FAMILY = "1,2";
			};
			name = Debug;
		};
		65426B082842713F006B87E4 /* Release */ = {
			isa = XCBuildConfiguration;
			baseConfigurationReference = E89D7BB16CAB71B4F1C9FBB5 /* Pods-ConsumindoFinancasAPI.release.xcconfig */;
			buildSettings = {
				ASSETCATALOG_COMPILER_APPICON_NAME = AppIcon;
				ASSETCATALOG_COMPILER_GLOBAL_ACCENT_COLOR_NAME = AccentColor;
				CODE_SIGN_STYLE = Automatic;
				CURRENT_PROJECT_VERSION = 1;
				DEVELOPMENT_TEAM = NTRW2Q55W3;
				GENERATE_INFOPLIST_FILE = YES;
				INFOPLIST_FILE = ConsumindoFinancasAPI/Info.plist;
				INFOPLIST_KEY_UIApplicationSupportsIndirectInputEvents = YES;
				INFOPLIST_KEY_UILaunchStoryboardName = LaunchScreen;
				INFOPLIST_KEY_UIMainStoryboardFile = Main;
				INFOPLIST_KEY_UISupportedInterfaceOrientations_iPad = "UIInterfaceOrientationPortrait UIInterfaceOrientationPortraitUpsideDown UIInterfaceOrientationLandscapeLeft UIInterfaceOrientationLandscapeRight";
				INFOPLIST_KEY_UISupportedInterfaceOrientations_iPhone = "UIInterfaceOrientationPortrait UIInterfaceOrientationLandscapeLeft UIInterfaceOrientationLandscapeRight";
				LD_RUNPATH_SEARCH_PATHS = (
					"$(inherited)",
					"@executable_path/Frameworks",
				);
				MARKETING_VERSION = 1.0;
				PRODUCT_BUNDLE_IDENTIFIER = com.gabrieldcc.ConsumindoFinancasAPI;
				PRODUCT_NAME = "$(TARGET_NAME)";
				SWIFT_EMIT_LOC_STRINGS = YES;
				SWIFT_VERSION = 5.0;
				TARGETED_DEVICE_FAMILY = "1,2";
			};
			name = Release;
		};
		65426B0A2842713F006B87E4 /* Debug */ = {
			isa = XCBuildConfiguration;
			baseConfigurationReference = F9F373A46705FC810889CD6A /* Pods-ConsumindoFinancasAPITests.debug.xcconfig */;
			buildSettings = {
				ALWAYS_EMBED_SWIFT_STANDARD_LIBRARIES = YES;
				BUNDLE_LOADER = "$(TEST_HOST)";
				CODE_SIGN_STYLE = Automatic;
				CURRENT_PROJECT_VERSION = 1;
				DEVELOPMENT_TEAM = NTRW2Q55W3;
				GENERATE_INFOPLIST_FILE = YES;
				IPHONEOS_DEPLOYMENT_TARGET = 15.4;
				MARKETING_VERSION = 1.0;
				PRODUCT_BUNDLE_IDENTIFIER = com.gabrieldcc.ConsumindoFinancasAPITests;
				PRODUCT_NAME = "$(TARGET_NAME)";
				SWIFT_EMIT_LOC_STRINGS = NO;
				SWIFT_VERSION = 5.0;
				TARGETED_DEVICE_FAMILY = "1,2";
				TEST_HOST = "$(BUILT_PRODUCTS_DIR)/ConsumindoFinancasAPI.app/ConsumindoFinancasAPI";
			};
			name = Debug;
		};
		65426B0B2842713F006B87E4 /* Release */ = {
			isa = XCBuildConfiguration;
			baseConfigurationReference = 1C549A1974608AF45294BCE0 /* Pods-ConsumindoFinancasAPITests.release.xcconfig */;
			buildSettings = {
				ALWAYS_EMBED_SWIFT_STANDARD_LIBRARIES = YES;
				BUNDLE_LOADER = "$(TEST_HOST)";
				CODE_SIGN_STYLE = Automatic;
				CURRENT_PROJECT_VERSION = 1;
				DEVELOPMENT_TEAM = NTRW2Q55W3;
				GENERATE_INFOPLIST_FILE = YES;
				IPHONEOS_DEPLOYMENT_TARGET = 15.4;
				MARKETING_VERSION = 1.0;
				PRODUCT_BUNDLE_IDENTIFIER = com.gabrieldcc.ConsumindoFinancasAPITests;
				PRODUCT_NAME = "$(TARGET_NAME)";
				SWIFT_EMIT_LOC_STRINGS = NO;
				SWIFT_VERSION = 5.0;
				TARGETED_DEVICE_FAMILY = "1,2";
				TEST_HOST = "$(BUILT_PRODUCTS_DIR)/ConsumindoFinancasAPI.app/ConsumindoFinancasAPI";
			};
			name = Release;
		};
		65426B0D2842713F006B87E4 /* Debug */ = {
			isa = XCBuildConfiguration;
			baseConfigurationReference = 1081A30E7DBE93FF058C17DE /* Pods-ConsumindoFinancasAPI-ConsumindoFinancasAPIUITests.debug.xcconfig */;
			buildSettings = {
				ALWAYS_EMBED_SWIFT_STANDARD_LIBRARIES = YES;
				CODE_SIGN_STYLE = Automatic;
				CURRENT_PROJECT_VERSION = 1;
				DEVELOPMENT_TEAM = NTRW2Q55W3;
				GENERATE_INFOPLIST_FILE = YES;
				MARKETING_VERSION = 1.0;
				PRODUCT_BUNDLE_IDENTIFIER = com.gabrieldcc.ConsumindoFinancasAPIUITests;
				PRODUCT_NAME = "$(TARGET_NAME)";
				SWIFT_EMIT_LOC_STRINGS = NO;
				SWIFT_VERSION = 5.0;
				TARGETED_DEVICE_FAMILY = "1,2";
				TEST_TARGET_NAME = ConsumindoFinancasAPI;
			};
			name = Debug;
		};
		65426B0E2842713F006B87E4 /* Release */ = {
			isa = XCBuildConfiguration;
			baseConfigurationReference = 687CF81810FBCFCC33772E0F /* Pods-ConsumindoFinancasAPI-ConsumindoFinancasAPIUITests.release.xcconfig */;
			buildSettings = {
				ALWAYS_EMBED_SWIFT_STANDARD_LIBRARIES = YES;
				CODE_SIGN_STYLE = Automatic;
				CURRENT_PROJECT_VERSION = 1;
				DEVELOPMENT_TEAM = NTRW2Q55W3;
				GENERATE_INFOPLIST_FILE = YES;
				MARKETING_VERSION = 1.0;
				PRODUCT_BUNDLE_IDENTIFIER = com.gabrieldcc.ConsumindoFinancasAPIUITests;
				PRODUCT_NAME = "$(TARGET_NAME)";
				SWIFT_EMIT_LOC_STRINGS = NO;
				SWIFT_VERSION = 5.0;
				TARGETED_DEVICE_FAMILY = "1,2";
				TEST_TARGET_NAME = ConsumindoFinancasAPI;
			};
			name = Release;
		};
/* End XCBuildConfiguration section */

/* Begin XCConfigurationList section */
		65426AD42842713D006B87E4 /* Build configuration list for PBXProject "ConsumindoFinancasAPI" */ = {
			isa = XCConfigurationList;
			buildConfigurations = (
				65426B042842713F006B87E4 /* Debug */,
				65426B052842713F006B87E4 /* Release */,
			);
			defaultConfigurationIsVisible = 0;
			defaultConfigurationName = Release;
		};
		65426B062842713F006B87E4 /* Build configuration list for PBXNativeTarget "ConsumindoFinancasAPI" */ = {
			isa = XCConfigurationList;
			buildConfigurations = (
				65426B072842713F006B87E4 /* Debug */,
				65426B082842713F006B87E4 /* Release */,
			);
			defaultConfigurationIsVisible = 0;
			defaultConfigurationName = Release;
		};
		65426B092842713F006B87E4 /* Build configuration list for PBXNativeTarget "ConsumindoFinancasAPITests" */ = {
			isa = XCConfigurationList;
			buildConfigurations = (
				65426B0A2842713F006B87E4 /* Debug */,
				65426B0B2842713F006B87E4 /* Release */,
			);
			defaultConfigurationIsVisible = 0;
			defaultConfigurationName = Release;
		};
		65426B0C2842713F006B87E4 /* Build configuration list for PBXNativeTarget "ConsumindoFinancasAPIUITests" */ = {
			isa = XCConfigurationList;
			buildConfigurations = (
				65426B0D2842713F006B87E4 /* Debug */,
				65426B0E2842713F006B87E4 /* Release */,
			);
			defaultConfigurationIsVisible = 0;
			defaultConfigurationName = Release;
		};
/* End XCConfigurationList section */

/* Begin XCVersionGroup section */
		65426AE52842713D006B87E4 /* ConsumindoFinancasAPI.xcdatamodeld */ = {
			isa = XCVersionGroup;
			children = (
				65426AE62842713D006B87E4 /* ConsumindoFinancasAPI.xcdatamodel */,
			);
			currentVersion = 65426AE62842713D006B87E4 /* ConsumindoFinancasAPI.xcdatamodel */;
			path = ConsumindoFinancasAPI.xcdatamodeld;
			sourceTree = "<group>";
			versionGroupType = wrapper.xcdatamodel;
		};
/* End XCVersionGroup section */
	};
	rootObject = 65426AD12842713D006B87E4 /* Project object */;
}
